
Microsoft Visual Studio Solution File, Format Version 12.00
# Visual Studio Version 17
VisualStudioVersion = 17.6.33723.286
MinimumVisualStudioVersion = 10.0.40219.1
Project("{9A19103F-16F7-4668-BE54-9A1E7A4F7556}") = "TestTabItemTemplate", "TestTabItemTemplate\TestTabItemTemplate.csproj", "{FC98468F-1EAE-428D-9711-DA9373B90C5D}"
EndProject
Project("{9A19103F-16F7-4668-BE54-9A1E7A4F7556}") = "TestTabItemTemplate.Core", "TestTabItemTemplate.Core\TestTabItemTemplate.Core.csproj", "{8116B8FF-8646-4E59-9484-6F637FC0D50A}"
EndProject
Global
	GlobalSection(SolutionConfigurationPlatforms) = preSolution
		Debug|x64 = Debug|x64
		Release|x64 = Release|x64
	EndGlobalSection
	GlobalSection(ProjectConfigurationPlatforms) = postSolution
		{FC98468F-1EAE-428D-9711-DA9373B90C5D}.Debug|x64.ActiveCfg = Debug|x64
		{FC98468F-1EAE-428D-9711-DA9373B90C5D}.Debug|x64.Build.0 = Debug|x64
		{FC98468F-1EAE-428D-9711-DA9373B90C5D}.Debug|x64.Deploy.0 = Debug|x64
		{FC98468F-1EAE-428D-9711-DA9373B90C5D}.Release|x64.ActiveCfg = Release|x64
		{FC98468F-1EAE-428D-9711-DA9373B90C5D}.Release|x64.Build.0 = Release|x64
		{FC98468F-1EAE-428D-9711-DA9373B90C5D}.Release|x64.Deploy.0 = Release|x64
		{8116B8FF-8646-4E59-9484-6F637FC0D50A}.Debug|x64.ActiveCfg = Debug|x64
		{8116B8FF-8646-4E59-9484-6F637FC0D50A}.Debug|x64.Build.0 = Debug|x64
		{8116B8FF-8646-4E59-9484-6F637FC0D50A}.Release|x64.ActiveCfg = Release|x64
		{8116B8FF-8646-4E59-9484-6F637FC0D50A}.Release|x64.Build.0 = Release|x64
	EndGlobalSection
	GlobalSection(SolutionProperties) = preSolution
		HideSolutionNode = FALSE
	EndGlobalSection
	GlobalSection(ExtensibilityGlobals) = postSolution
		SolutionGuid = {08D4C6D6-EEFF-423D-8976-6DD5CC821D97}
	EndGlobalSection
EndGlobal
